{
	"name": "experimental",
	"version": "0.0.0",
	"lockfileVersion": 1,
	"requires": true,
	"dependencies": {
		"@master-chief/alpaca": {
			"version": "3.3.3",
			"resolved": "https://registry.npmjs.org/@master-chief/alpaca/-/alpaca-3.3.3.tgz",
			"integrity": "sha512-cobrcIEstlBimx2nvsHU+dAj2B41IEVIJmEqKRj6uepnTiiGq67Bs864FRhX/F/fbzi3lWdMkeV3mCum1dv4Jg==",
			"requires": {
				"events": "^3.2.0",
				"limiter": "^1.1.5",
				"node-fetch": "^2.6.0",
				"qs": "^6.9.4",
				"ws": "^7.3.0"
			}
		},
		"@types/node": {
			"version": "14.14.10",
			"resolved": "https://registry.npmjs.org/@types/node/-/node-14.14.10.tgz",
			"integrity": "sha512-J32dgx2hw8vXrSbu4ZlVhn1Nm3GbeCFNw2FWL8S5QKucHGY0cyNwjdQdO+KMBZ4wpmC7KhLCiNsdk1RFRIYUQQ==",
			"dev": true
		},
		"axios": {
			"version": "0.21.0",
			"resolved": "https://registry.npmjs.org/axios/-/axios-0.21.0.tgz",
			"integrity": "sha512-fmkJBknJKoZwem3/IKSSLpkdNXZeBu5Q7GA/aRsr2btgrptmSCxi2oFjZHqGdK9DoTil9PIHlPIZw2EcRJXRvw==",
			"requires": {
				"follow-redirects": "^1.10.0"
			}
		},
		"buffer-from": {
			"version": "1.1.1",
			"resolved": "https://registry.npmjs.org/buffer-from/-/buffer-from-1.1.1.tgz",
			"integrity": "sha512-MQcXEUbCKtEo7bhqEs6560Hyd4XaovZlO/k9V3hjVUF/zwW7KBVdSK4gIt/bzwS9MbR5qob+F5jusZsb0YQK2A=="
		},
		"events": {
			"version": "3.2.0",
			"resolved": "https://registry.npmjs.org/events/-/events-3.2.0.tgz",
			"integrity": "sha512-/46HWwbfCX2xTawVfkKLGxMifJYQBWMwY1mjywRtb4c9x8l5NP3KoJtnIOiL1hfdRkIuYhETxQlo62IF8tcnlg=="
		},
		"follow-redirects": {
			"version": "1.13.0",
			"resolved": "https://registry.npmjs.org/follow-redirects/-/follow-redirects-1.13.0.tgz",
			"integrity": "sha512-aq6gF1BEKje4a9i9+5jimNFIpq4Q1WiwBToeRK5NvZBd/TRsmW8BsJfOEGkr76TbOyPVD3OVDN910EcUNtRYEA=="
		},
		"limiter": {
			"version": "1.1.5",
			"resolved": "https://registry.npmjs.org/limiter/-/limiter-1.1.5.tgz",
			"integrity": "sha512-FWWMIEOxz3GwUI4Ts/IvgVy6LPvoMPgjMdQ185nN6psJyBJ4yOpzqm695/h5umdLJg2vW3GR5iG11MAkR2AzJA=="
		},
		"node-fetch": {
			"version": "2.6.1",
			"resolved": "https://registry.npmjs.org/node-fetch/-/node-fetch-2.6.1.tgz",
			"integrity": "sha512-V4aYg89jEoVRxRb2fJdAg8FHvI7cEyYdVAh94HH0UIK8oJxUfkjlDQN9RbMx+bEjP7+ggMiFRprSti032Oipxw=="
		},
		"prettier": {
			"version": "2.2.1",
			"resolved": "https://registry.npmjs.org/prettier/-/prettier-2.2.1.tgz",
			"integrity": "sha512-PqyhM2yCjg/oKkFPtTGUojv7gnZAoG80ttl45O6x2Ug/rMJw4wcc9k6aaf2hibP7BGVCCM33gZoGjyvt9mm16Q==",
			"dev": true
		},
		"qs": {
			"version": "6.9.4",
			"resolved": "https://registry.npmjs.org/qs/-/qs-6.9.4.tgz",
			"integrity": "sha512-A1kFqHekCTM7cz0udomYUoYNWjBebHm/5wzU/XqrBRBNWectVH0QIiN+NEcZ0Dte5hvzHwbr8+XQmguPhJ6WdQ=="
		},
		"source-map": {
			"version": "0.6.1",
			"resolved": "https://registry.npmjs.org/source-map/-/source-map-0.6.1.tgz",
			"integrity": "sha512-UjgapumWlbMhkBgzT7Ykc5YXUT46F0iKu8SGXq0bcwP5dz/h0Plj6enJqjz1Zbq2l5WaqYnrVbwWOWMyF3F47g=="
		},
		"source-map-support": {
			"version": "0.5.19",
			"resolved": "https://registry.npmjs.org/source-map-support/-/source-map-support-0.5.19.tgz",
			"integrity": "sha512-Wonm7zOCIJzBGQdB+thsPar0kYuCIzYvxZwlBa87yi/Mdjv7Tip2cyVbLj5o0cFPN4EVkuTwb3GDDyUx2DGnGw==",
			"requires": {
				"buffer-from": "^1.0.0",
				"source-map": "^0.6.0"
			}
		},
		"tslog": {
			"version": "3.0.1",
			"resolved": "https://registry.npmjs.org/tslog/-/tslog-3.0.1.tgz",
			"integrity": "sha512-bXPNKWtqIi5JaGAsLm0/9ZOEo7wTxVTIuqlA46+YkDivVRb7G2aPuDaI2Jju1myDiPeTep1JIRQ64kAkwKP+Lg==",
			"requires": {
				"source-map-support": "^0.5.19"
			}
		},
		"typescript": {
			"version": "4.1.2",
			"resolved": "https://registry.npmjs.org/typescript/-/typescript-4.1.2.tgz",
			"integrity": "sha512-thGloWsGH3SOxv1SoY7QojKi0tc+8FnOmiarEGMbd/lar7QOEd3hvlx3Fp5y6FlDUGl9L+pd4n2e+oToGMmhRQ==",
			"dev": true
		},
		"ws": {
			"version": "7.4.0",
			"resolved": "https://registry.npmjs.org/ws/-/ws-7.4.0.tgz",
			"integrity": "sha512-kyFwXuV/5ymf+IXhS6f0+eAFvydbaBW3zjpT6hUdAh/hbVjTIB5EHBGi0bPoCLSK2wcuz3BrEkB9LrYv1Nm4NQ=="
		}
	}
}
